
Microsoft Visual Studio Solution File, Format Version 12.00
# Visual Studio Version 17
VisualStudioVersion = 17.0.31912.275
MinimumVisualStudioVersion = 10.0.40219.1
Project("{FAE04EC0-301F-11D3-BF4B-00C04F79EFBC}") = "lab2_if", "lab2_if\lab2_if.csproj", "{35772A46-4AD7-41DF-8EEF-9B85B37289DA}"
EndProject
Global
	GlobalSection(SolutionConfigurationPlatforms) = preSolution
		Debug|Any CPU = Debug|Any CPU
		Release|Any CPU = Release|Any CPU
	EndGlobalSection
	GlobalSection(ProjectConfigurationPlatforms) = postSolution
		{35772A46-4AD7-41DF-8EEF-9B85B37289DA}.Debug|Any CPU.ActiveCfg = Debug|Any CPU
		{35772A46-4AD7-41DF-8EEF-9B85B37289DA}.Debug|Any CPU.Build.0 = Debug|Any CPU
		{35772A46-4AD7-41DF-8EEF-9B85B37289DA}.Release|Any CPU.ActiveCfg = Release|Any CPU
		{35772A46-4AD7-41DF-8EEF-9B85B37289DA}.Release|Any CPU.Build.0 = Release|Any CPU
	EndGlobalSection
	GlobalSection(SolutionProperties) = preSolution
		HideSolutionNode = FALSE
	EndGlobalSection
	GlobalSection(ExtensibilityGlobals) = postSolution
		SolutionGuid = {6A28212A-4910-427F-BD2C-8AAF03CB738D}
	EndGlobalSection
EndGlobal
